// !$*UTF8*$!
{
	archiveVersion = 1;
	classes = {
	};
	objectVersion = 50;
	objects = {

/* Begin PBXBuildFile section */
		5324FC6D241F77800040EB6B /* deer.png in Resources */ = {isa = PBXBuildFile; fileRef = 5324FC6C241F77800040EB6B /* deer.png */; };
		5324FC6F241F7AB30040EB6B /* Avenir.ttc in Resources */ = {isa = PBXBuildFile; fileRef = 5324FC6E241F7A420040EB6B /* Avenir.ttc */; };
		53CFB95023BBA89E00F8FF1F /* Assets.xcassets in Resources */ = {isa = PBXBuildFile; fileRef = 53CFB94F23BBA89E00F8FF1F /* Assets.xcassets */; };
		53CFB95623BBA89E00F8FF1F /* main.m in Sources */ = {isa = PBXBuildFile; fileRef = 53CFB95523BBA89E00F8FF1F /* main.m */; };
/* End PBXBuildFile section */

/* Begin PBXFileReference section */
		5324FC6C241F77800040EB6B /* deer.png */ = {isa = PBXFileReference; lastKnownFileType = image.png; name = deer.png; path = ../../tests/deer.png; sourceTree = "<group>"; };
		5324FC6E241F7A420040EB6B /* Avenir.ttc */ = {isa = PBXFileReference; lastKnownFileType = file; name = Avenir.ttc; path = ../../tests/Avenir.ttc; sourceTree = "<group>"; };
		5324FC71241F81270040EB6B /* OpenGLES.framework */ = {isa = PBXFileReference; lastKnownFileType = wrapper.framework; name = OpenGLES.framework; path = System/Library/Frameworks/OpenGLES.framework; sourceTree = SDKROOT; };
		53CFB94023BBA89B00F8FF1F /* GLCanvas.app */ = {isa = PBXFileReference; explicitFileType = wrapper.application; includeInIndex = 0; path = GLCanvas.app; sourceTree = BUILT_PRODUCTS_DIR; };
		53CFB94F23BBA89E00F8FF1F /* Assets.xcassets */ = {isa = PBXFileReference; lastKnownFileType = folder.assetcatalog; path = Assets.xcassets; sourceTree = "<group>"; };
		53CFB95423BBA89E00F8FF1F /* Info.plist */ = {isa = PBXFileReference; lastKnownFileType = text.plist.xml; path = Info.plist; sourceTree = "<group>"; };
		53CFB95523BBA89E00F8FF1F /* main.m */ = {isa = PBXFileReference; lastKnownFileType = sourcecode.c.objc; path = main.m; sourceTree = "<group>"; };
/* End PBXFileReference section */

/* Begin PBXFrameworksBuildPhase section */
		53CFB93D23BBA89B00F8FF1F /* Frameworks */ = {
			isa = PBXFrameworksBuildPhase;
			buildActionMask = 2147483647;
			files = (
			);
			runOnlyForDeploymentPostprocessing = 0;
		};
/* End PBXFrameworksBuildPhase section */

/* Begin PBXGroup section */
		5324FC6B241F77500040EB6B /* Resources */ = {
			isa = PBXGroup;
			children = (
				5324FC6C241F77800040EB6B /* deer.png */,
				5324FC6E241F7A420040EB6B /* Avenir.ttc */,
			);
			path = Resources;
			sourceTree = "<group>";
		};
		5324FC70241F81270040EB6B /* Frameworks */ = {
			isa = PBXGroup;
			children = (
				5324FC71241F81270040EB6B /* OpenGLES.framework */,
			);
			name = Frameworks;
			sourceTree = "<group>";
		};
		53CFB93723BBA89B00F8FF1F = {
			isa = PBXGroup;
			children = (
				5324FC6B241F77500040EB6B /* Resources */,
				53CFB94223BBA89B00F8FF1F /* GLCanvas */,
				53CFB94123BBA89B00F8FF1F /* Products */,
				5324FC70241F81270040EB6B /* Frameworks */,
			);
			sourceTree = "<group>";
		};
		53CFB94123BBA89B00F8FF1F /* Products */ = {
			isa = PBXGroup;
			children = (
				53CFB94023BBA89B00F8FF1F /* GLCanvas.app */,
			);
			name = Products;
			sourceTree = "<group>";
		};
		53CFB94223BBA89B00F8FF1F /* GLCanvas */ = {
			isa = PBXGroup;
			children = (
				53CFB94F23BBA89E00F8FF1F /* Assets.xcassets */,
				53CFB95423BBA89E00F8FF1F /* Info.plist */,
				53CFB95523BBA89E00F8FF1F /* main.m */,
			);
			path = GLCanvas;
			sourceTree = "<group>";
		};
/* End PBXGroup section */

/* Begin PBXNativeTarget section */
		53CFB93F23BBA89B00F8FF1F /* GLCanvas */ = {
			isa = PBXNativeTarget;
			buildConfigurationList = 53CFB95923BBA89E00F8FF1F /* Build configuration list for PBXNativeTarget "GLCanvas" */;
			buildPhases = (
				53CFB93C23BBA89B00F8FF1F /* Sources */,
				53CFB93D23BBA89B00F8FF1F /* Frameworks */,
				53CFB93E23BBA89B00F8FF1F /* Resources */,
				53CFB95C23BBAB5600F8FF1F /* ShellScript */,
			);
			buildRules = (
			);
			dependencies = (
			);
			name = GLCanvas;
			productName = GLCanvas;
			productReference = 53CFB94023BBA89B00F8FF1F /* GLCanvas.app */;
			productType = "com.apple.product-type.application";
		};
/* End PBXNativeTarget section */

/* Begin PBXProject section */
		53CFB93823BBA89B00F8FF1F /* Project object */ = {
			isa = PBXProject;
			attributes = {
				LastUpgradeCheck = 1110;
				ORGANIZATIONNAME = alchemistguild;
				TargetAttributes = {
					53CFB93F23BBA89B00F8FF1F = {
						CreatedOnToolsVersion = 11.1;
					};
				};
			};
			buildConfigurationList = 53CFB93B23BBA89B00F8FF1F /* Build configuration list for PBXProject "GLCanvas" */;
			compatibilityVersion = "Xcode 9.3";
			developmentRegion = en;
			hasScannedForEncodings = 0;
			knownRegions = (
				en,
				Base,
			);
			mainGroup = 53CFB93723BBA89B00F8FF1F;
			productRefGroup = 53CFB94123BBA89B00F8FF1F /* Products */;
			projectDirPath = "";
			projectRoot = "";
			targets = (
				53CFB93F23BBA89B00F8FF1F /* GLCanvas */,
			);
		};
/* End PBXProject section */

/* Begin PBXResourcesBuildPhase section */
		53CFB93E23BBA89B00F8FF1F /* Resources */ = {
			isa = PBXResourcesBuildPhase;
			buildActionMask = 2147483647;
			files = (
				53CFB95023BBA89E00F8FF1F /* Assets.xcassets in Resources */,
				5324FC6D241F77800040EB6B /* deer.png in Resources */,
				5324FC6F241F7AB30040EB6B /* Avenir.ttc in Resources */,
			);
			runOnlyForDeploymentPostprocessing = 0;
		};
/* End PBXResourcesBuildPhase section */

/* Begin PBXShellScriptBuildPhase section */
		53CFB95C23BBAB5600F8FF1F /* ShellScript */ = {
			isa = PBXShellScriptBuildPhase;
			buildActionMask = 2147483647;
			files = (
			);
			inputFileListPaths = (
			);
			inputPaths = (
			);
			outputFileListPaths = (
			);
			outputPaths = (
			);
			runOnlyForDeploymentPostprocessing = 0;
			shellPath = /bin/sh;
			shellScript = "# Parasitic FPC binary injection\nset -e\ncp -f \"$SRCROOT/../$TARGET_NAME\" \"$BUILT_PRODUCTS_DIR/$EXECUTABLE_PATH\"\n";
		};
/* End PBXShellScriptBuildPhase section */

/* Begin PBXSourcesBuildPhase section */
		53CFB93C23BBA89B00F8FF1F /* Sources */ = {
			isa = PBXSourcesBuildPhase;
			buildActionMask = 2147483647;
			files = (
				53CFB95623BBA89E00F8FF1F /* main.m in Sources */,
			);
			runOnlyForDeploymentPostprocessing = 0;
		};
/* End PBXSourcesBuildPhase section */

/* Begin XCBuildConfiguration section */
		53CFB95723BBA89E00F8FF1F /* Debug */ = {
			isa = XCBuildConfiguration;
			buildSettings = {
				ALWAYS_SEARCH_USER_PATHS = NO;
				CLANG_ANALYZER_NONNULL = YES;
				CLANG_ANALYZER_NUMBER_OBJECT_CONVERSION = YES_AGGRESSIVE;
				CLANG_CXX_LANGUAGE_STANDARD = "gnu++14";
				CLANG_CXX_LIBRARY = "libc++";
				CLANG_ENABLE_MODULES = YES;
				CLANG_ENABLE_OBJC_ARC = YES;
				CLANG_ENABLE_OBJC_WEAK = YES;
				CLANG_WARN_BLOCK_CAPTURE_AUTORELEASING = YES;
				CLANG_WARN_BOOL_CONVERSION = YES;
				CLANG_WARN_COMMA = YES;
				CLANG_WARN_CONSTANT_CONVERSION = YES;
				CLANG_WARN_DEPRECATED_OBJC_IMPLEMENTATIONS = YES;
				CLANG_WARN_DIRECT_OBJC_ISA_USAGE = YES_ERROR;
				CLANG_WARN_DOCUMENTATION_COMMENTS = YES;
				CLANG_WARN_EMPTY_BODY = YES;
				CLANG_WARN_ENUM_CONVERSION = YES;
				CLANG_WARN_INFINITE_RECURSION = YES;
				CLANG_WARN_INT_CONVERSION = YES;
				CLANG_WARN_NON_LITERAL_NULL_CONVERSION = YES;
				CLANG_WARN_OBJC_IMPLICIT_RETAIN_SELF = YES;
				CLANG_WARN_OBJC_LITERAL_CONVERSION = YES;
				CLANG_WARN_OBJC_ROOT_CLASS = YES_ERROR;
				CLANG_WARN_RANGE_LOOP_ANALYSIS = YES;
				CLANG_WARN_STRICT_PROTOTYPES = YES;
				CLANG_WARN_SUSPICIOUS_MOVE = YES;
				CLANG_WARN_UNGUARDED_AVAILABILITY = YES_AGGRESSIVE;
				CLANG_WARN_UNREACHABLE_CODE = YES;
				CLANG_WARN__DUPLICATE_METHOD_MATCH = YES;
				COPY_PHASE_STRIP = NO;
				DEBUG_INFORMATION_FORMAT = dwarf;
				ENABLE_STRICT_OBJC_MSGSEND = YES;
				ENABLE_TESTABILITY = YES;
				GCC_C_LANGUAGE_STANDARD = gnu11;
				GCC_DYNAMIC_NO_PIC = NO;
				GCC_NO_COMMON_BLOCKS = YES;
				GCC_OPTIMIZATION_LEVEL = 0;
				GCC_PREPROCESSOR_DEFINITIONS = (
					"DEBUG=1",
					"$(inherited)",
				);
				GCC_WARN_64_TO_32_BIT_CONVERSION = YES;
				GCC_WARN_ABOUT_RETURN_TYPE = YES_ERROR;
				GCC_WARN_UNDECLARED_SELECTOR = YES;
				GCC_WARN_UNINITIALIZED_AUTOS = YES_AGGRESSIVE;
				GCC_WARN_UNUSED_FUNCTION = YES;
				GCC_WARN_UNUSED_VARIABLE = YES;
				IPHONEOS_DEPLOYMENT_TARGET = 10.0;
				MTL_ENABLE_DEBUG_INFO = INCLUDE_SOURCE;
				MTL_FAST_MATH = YES;
				ONLY_ACTIVE_ARCH = YES;
				SDKROOT = iphoneos;
			};
			name = Debug;
		};
		53CFB95823BBA89E00F8FF1F /* Release */ = {
			isa = XCBuildConfiguration;
			buildSettings = {
				ALWAYS_SEARCH_USER_PATHS = NO;
				CLANG_ANALYZER_NONNULL = YES;
				CLANG_ANALYZER_NUMBER_OBJECT_CONVERSION = YES_AGGRESSIVE;
				CLANG_CXX_LANGUAGE_STANDARD = "gnu++14";
				CLANG_CXX_LIBRARY = "libc++";
				CLANG_ENABLE_MODULES = YES;
				CLANG_ENABLE_OBJC_ARC = YES;
				CLANG_ENABLE_OBJC_WEAK = YES;
				CLANG_WARN_BLOCK_CAPTURE_AUTORELEASING = YES;
				CLANG_WARN_BOOL_CONVERSION = YES;
				CLANG_WARN_COMMA = YES;
				CLANG_WARN_CONSTANT_CONVERSION = YES;
				CLANG_WARN_DEPRECATED_OBJC_IMPLEMENTATIONS = YES;
				CLANG_WARN_DIRECT_OBJC_ISA_USAGE = YES_ERROR;
				CLANG_WARN_DOCUMENTATION_COMMENTS = YES;
				CLANG_WARN_EMPTY_BODY = YES;
				CLANG_WARN_ENUM_CONVERSION = YES;
				CLANG_WARN_INFINITE_RECURSION = YES;
				CLANG_WARN_INT_CONVERSION = YES;
				CLANG_WARN_NON_LITERAL_NULL_CONVERSION = YES;
				CLANG_WARN_OBJC_IMPLICIT_RETAIN_SELF = YES;
				CLANG_WARN_OBJC_LITERAL_CONVERSION = YES;
				CLANG_WARN_OBJC_ROOT_CLASS = YES_ERROR;
				CLANG_WARN_RANGE_LOOP_ANALYSIS = YES;
				CLANG_WARN_STRICT_PROTOTYPES = YES;
				CLANG_WARN_SUSPICIOUS_MOVE = YES;
				CLANG_WARN_UNGUARDED_AVAILABILITY = YES_AGGRESSIVE;
				CLANG_WARN_UNREACHABLE_CODE = YES;
				CLANG_WARN__DUPLICATE_METHOD_MATCH = YES;
				COPY_PHASE_STRIP = NO;
				DEBUG_INFORMATION_FORMAT = "dwarf-with-dsym";
				ENABLE_NS_ASSERTIONS = NO;
				ENABLE_STRICT_OBJC_MSGSEND = YES;
				GCC_C_LANGUAGE_STANDARD = gnu11;
				GCC_NO_COMMON_BLOCKS = YES;
				GCC_WARN_64_TO_32_BIT_CONVERSION = YES;
				GCC_WARN_ABOUT_RETURN_TYPE = YES_ERROR;
				GCC_WARN_UNDECLARED_SELECTOR = YES;
				GCC_WARN_UNINITIALIZED_AUTOS = YES_AGGRESSIVE;
				GCC_WARN_UNUSED_FUNCTION = YES;
				GCC_WARN_UNUSED_VARIABLE = YES;
				IPHONEOS_DEPLOYMENT_TARGET = 10.0;
				MTL_ENABLE_DEBUG_INFO = NO;
				MTL_FAST_MATH = YES;
				SDKROOT = iphoneos;
				VALIDATE_PRODUCT = YES;
			};
			name = Release;
		};
		53CFB95A23BBA89E00F8FF1F /* Debug */ = {
			isa = XCBuildConfiguration;
			buildSettings = {
				ASSETCATALOG_COMPILER_APPICON_NAME = AppIcon;
				CODE_SIGN_STYLE = Automatic;
				DEVELOPMENT_TEAM = S5X2VX36H3;
				INFOPLIST_FILE = GLCanvas/Info.plist;
				LD_RUNPATH_SEARCH_PATHS = (
					"$(inherited)",
					"@executable_path/Frameworks",
				);
				OTHER_CODE_SIGN_FLAGS = "--force";
				PRODUCT_BUNDLE_IDENTIFIER = com.alchemistguild.GLCanvas;
				PRODUCT_NAME = "$(TARGET_NAME)";
				TARGETED_DEVICE_FAMILY = "1,2";
			};
			name = Debug;
		};
		53CFB95B23BBA89E00F8FF1F /* Release */ = {
			isa = XCBuildConfiguration;
			buildSettings = {
				ASSETCATALOG_COMPILER_APPICON_NAME = AppIcon;
				CODE_SIGN_STYLE = Automatic;
				DEVELOPMENT_TEAM = S5X2VX36H3;
				INFOPLIST_FILE = GLCanvas/Info.plist;
				LD_RUNPATH_SEARCH_PATHS = (
					"$(inherited)",
					"@executable_path/Frameworks",
				);
				OTHER_CODE_SIGN_FLAGS = "--force";
				PRODUCT_BUNDLE_IDENTIFIER = com.alchemistguild.GLCanvas;
				PRODUCT_NAME = "$(TARGET_NAME)";
				TARGETED_DEVICE_FAMILY = "1,2";
			};
			name = Release;
		};
/* End XCBuildConfiguration section */

/* Begin XCConfigurationList section */
		53CFB93B23BBA89B00F8FF1F /* Build configuration list for PBXProject "GLCanvas" */ = {
			isa = XCConfigurationList;
			buildConfigurations = (
				53CFB95723BBA89E00F8FF1F /* Debug */,
				53CFB95823BBA89E00F8FF1F /* Release */,
			);
			defaultConfigurationIsVisible = 0;
			defaultConfigurationName = Release;
		};
		53CFB95923BBA89E00F8FF1F /* Build configuration list for PBXNativeTarget "GLCanvas" */ = {
			isa = XCConfigurationList;
			buildConfigurations = (
				53CFB95A23BBA89E00F8FF1F /* Debug */,
				53CFB95B23BBA89E00F8FF1F /* Release */,
			);
			defaultConfigurationIsVisible = 0;
			defaultConfigurationName = Release;
		};
/* End XCConfigurationList section */
	};
	rootObject = 53CFB93823BBA89B00F8FF1F /* Project object */;
}
